
Microsoft Visual Studio Solution File, Format Version 12.00
# Visual Studio Version 17
VisualStudioVersion = 17.2.32519.379
MinimumVisualStudioVersion = 10.0.40219.1
Project("{FAE04EC0-301F-11D3-BF4B-00C04F79EFBC}") = "ExerciseAlgo1", "ExerciseAlgo1\ExerciseAlgo1.csproj", "{B8E5B60F-1B69-4A7F-A1A7-43F5DC145CAE}"
EndProject
Global
	GlobalSection(SolutionConfigurationPlatforms) = preSolution
		Debug|Any CPU = Debug|Any CPU
		Release|Any CPU = Release|Any CPU
	EndGlobalSection
	GlobalSection(ProjectConfigurationPlatforms) = postSolution
		{B8E5B60F-1B69-4A7F-A1A7-43F5DC145CAE}.Debug|Any CPU.ActiveCfg = Debug|Any CPU
		{B8E5B60F-1B69-4A7F-A1A7-43F5DC145CAE}.Debug|Any CPU.Build.0 = Debug|Any CPU
		{B8E5B60F-1B69-4A7F-A1A7-43F5DC145CAE}.Release|Any CPU.ActiveCfg = Release|Any CPU
		{B8E5B60F-1B69-4A7F-A1A7-43F5DC145CAE}.Release|Any CPU.Build.0 = Release|Any CPU
	EndGlobalSection
	GlobalSection(SolutionProperties) = preSolution
		HideSolutionNode = FALSE
	EndGlobalSection
	GlobalSection(ExtensibilityGlobals) = postSolution
		SolutionGuid = {E80BE8E3-741A-4D19-903C-80C58321C185}
	EndGlobalSection
EndGlobal
